
Microsoft Visual Studio Solution File, Format Version 12.00
# Visual Studio Version 16
VisualStudioVersion = 16.0.30907.101
MinimumVisualStudioVersion = 10.0.40219.1
Project("{FAE04EC0-301F-11D3-BF4B-00C04F79EFBC}") = "Facebook - Projet", "Facebook - Projet\Facebook - Projet.csproj", "{97CE7C5F-5376-4908-A736-324DBDA65F32}"
EndProject
Global
	GlobalSection(SolutionConfigurationPlatforms) = preSolution
		Debug|Any CPU = Debug|Any CPU
		Release|Any CPU = Release|Any CPU
	EndGlobalSection
	GlobalSection(ProjectConfigurationPlatforms) = postSolution
		{97CE7C5F-5376-4908-A736-324DBDA65F32}.Debug|Any CPU.ActiveCfg = Debug|Any CPU
		{97CE7C5F-5376-4908-A736-324DBDA65F32}.Debug|Any CPU.Build.0 = Debug|Any CPU
		{97CE7C5F-5376-4908-A736-324DBDA65F32}.Release|Any CPU.ActiveCfg = Release|Any CPU
		{97CE7C5F-5376-4908-A736-324DBDA65F32}.Release|Any CPU.Build.0 = Release|Any CPU
	EndGlobalSection
	GlobalSection(SolutionProperties) = preSolution
		HideSolutionNode = FALSE
	EndGlobalSection
	GlobalSection(ExtensibilityGlobals) = postSolution
		SolutionGuid = {68422666-1051-45C6-9B09-DFF0B5639D4C}
	EndGlobalSection
EndGlobal
